{
    "_meta": {
        "hash": {
            "sha256": "f98ed0af5cea06579af0ecaf9c18ef1a9e29997fd77d57dfc6d2a2ffb2a61dd8"
        },
        "pipfile-spec": 6,
        "requires": {
            "python_version": "3.7"
        },
        "sources": [
            {
                "name": "pypi",
                "url": "https://pypi.org/simple",
                "verify_ssl": true
            }
        ]
    },
    "default": {},
    "develop": {
        "autopep8": {
            "hashes": [
                "sha256:096426ef4b489784c08395d7fc7f8cbf38a107b806984513e4c2d9070b0dc1d8"
            ],
            "index": "pypi",
            "version": "==1.4.1"
        },
        "pycodestyle": {
            "hashes": [
                "sha256:cbc619d09254895b0d12c2c691e237b2e91e9b2ecf5e84c26b35400f93dcfb83",
                "sha256:cbfca99bd594a10f674d0cd97a3d802a1fdef635d4361e1a2658de47ed261e3a"
            ],
            "version": "==2.4.0"
        }
    }
}
